
Microsoft Visual Studio Solution File, Format Version 12.00
# Visual Studio Version 17
VisualStudioVersion = 17.1.32228.430
MinimumVisualStudioVersion = 10.0.40219.1
<<<<<<< HEAD
<<<<<<< HEAD
Project("{888888A0-9F3D-457C-B088-3A5042F75D52}") = "002A", "002A\002A.pyproj", "{3FCF4DE3-C14B-4D78-9869-2315C023650A}"
=======
Project("{888888A0-9F3D-457C-B088-3A5042F75D52}") = "048A", "048A\048A.pyproj", "{095C5F73-6CF7-4CA0-A3DA-AFAB4B3505F5}"
>>>>>>> c4c2a36f972409e166ecf479925d749f45234eb8
=======
Project("{888888A0-9F3D-457C-B088-3A5042F75D52}") = "149A", "149A\149A.pyproj", "{ABE4583D-06EE-4EA9-8D79-443997389CC0}"
>>>>>>> d9d9363bf1fc29e5dd26d3b3f4d08527749881f9
EndProject
Project("{888888A0-9F3D-457C-B088-3A5042F75D52}") = "149B", "149B\149B.pyproj", "{9F2F6EFE-F490-419E-8B4A-22FB9FEF8419}"
EndProject
Project("{888888A0-9F3D-457C-B088-3A5042F75D52}") = "032A", "Bai032A\032A.pyproj", "{5A85AF65-09BF-4C38-9CE0-BB2AB989BFAA}"
EndProject
Project("{888888A0-9F3D-457C-B088-3A5042F75D52}") = "032B", "Bai032B\032B.pyproj", "{F32575CA-AA76-4179-A1EC-256BBFB7CA94}"
EndProject
Project("{888888A0-9F3D-457C-B088-3A5042F75D52}") = "098A", "Bai098A\098A.pyproj", "{C614BD20-B8CD-41D0-8418-F1CA5F6B2F39}"
EndProject
<<<<<<< HEAD
<<<<<<< HEAD
=======
Project("{888888A0-9F3D-457C-B088-3A5042F75D52}") = "098B", "Bai098B\098B.pyproj", "{BE50A4CA-0BC9-46FC-8649-83F4B49B2829}"
EndProject
Project("{888888A0-9F3D-457C-B088-3A5042F75D52}") = "163A", "Bai163A\163A.pyproj", "{9914E682-CE5A-4059-936C-CFE4342CBA44}"
EndProject
Project("{888888A0-9F3D-457C-B088-3A5042F75D52}") = "163B", "Bai163B\163B.pyproj", "{FEC8F850-D857-4F43-AB95-3C9A5CFB3A2E}"
EndProject
Project("{888888A0-9F3D-457C-B088-3A5042F75D52}") = "017A", "017A\017A.pyproj", "{5F7E5345-5A2A-4459-B543-07539DF83E36}"
EndProject
Project("{888888A0-9F3D-457C-B088-3A5042F75D52}") = "017B", "017B\017B.pyproj", "{4530BD41-E2E5-4492-B89C-97E2302EEEDF}"
EndProject
Project("{888888A0-9F3D-457C-B088-3A5042F75D52}") = "083A", "083A\083A.pyproj", "{997C5E53-0A0F-4666-B62E-D24361C49C86}"
EndProject
Project("{888888A0-9F3D-457C-B088-3A5042F75D52}") = "083B", "083B\083B.pyproj", "{C9ECC791-21AE-4DE3-A36F-B4DDA2FA49D7}"
EndProject
Project("{888888A0-9F3D-457C-B088-3A5042F75D52}") = "047A", "047A\047A.pyproj", "{7D6ED575-A392-420A-AC38-EE63D274F0CC}"
EndProject
Project("{888888A0-9F3D-457C-B088-3A5042F75D52}") = "047B", "047B\047B.pyproj", "{8B49634B-9018-4B28-BE50-34AB526E08C1}"
EndProject
Project("{888888A0-9F3D-457C-B088-3A5042F75D52}") = "113A", "113A\113A.pyproj", "{9D7E2D85-7D34-4823-B8AF-1F53A7905D70}"
EndProject
Project("{888888A0-9F3D-457C-B088-3A5042F75D52}") = "113B", "113B\113B.pyproj", "{2F58FCEC-EB82-455C-8C12-75AFC431C3C4}"
EndProject
Project("{888888A0-9F3D-457C-B088-3A5042F75D52}") = "143A", "143A\143A.pyproj", "{BD83DE75-0C0F-4614-A93C-14362FF97B8D}"
EndProject
Project("{888888A0-9F3D-457C-B088-3A5042F75D52}") = "143B", "143B\143B.pyproj", "{00C3F644-B800-4EC8-A7E7-E0D0D7447D3B}"
EndProject
Project("{888888A0-9F3D-457C-B088-3A5042F75D52}") = "033A", "033A\033A.pyproj", "{FADC15A1-5C22-4EBD-940B-228D100AAEEF}"
EndProject
Project("{888888A0-9F3D-457C-B088-3A5042F75D52}") = "033B", "033B\033B.pyproj", "{9F363F2A-1BF7-4500-89AC-639CFF5A4286}"
EndProject
Project("{888888A0-9F3D-457C-B088-3A5042F75D52}") = "099A", "099A\099A.pyproj", "{8E355CCF-A2A7-44CB-B376-F878EA11D476}"
EndProject
Project("{888888A0-9F3D-457C-B088-3A5042F75D52}") = "099B", "099B\099B.pyproj", "{DE118619-235E-4F34-A7B2-107177A003D4}"
EndProject
Project("{888888A0-9F3D-457C-B088-3A5042F75D52}") = "164A", "164A\164A.pyproj", "{100CFC5D-94C3-4CEC-B9E8-2688CF0BF1CB}"
EndProject
Project("{888888A0-9F3D-457C-B088-3A5042F75D52}") = "164B", "164B\164B.pyproj", "{71B18B28-0205-491E-8E9A-58693A6D334D}"
EndProject
Project("{888888A0-9F3D-457C-B088-3A5042F75D52}") = "063A", "063A\063A.pyproj", "{37AADDAD-F3C6-4BD2-9F52-220FF8A16BB1}"
EndProject
Project("{888888A0-9F3D-457C-B088-3A5042F75D52}") = "063B", "063B\063B.pyproj", "{DBC0A2DC-DD77-4D08-B2A2-21DBB4366FD4}"
EndProject
Project("{888888A0-9F3D-457C-B088-3A5042F75D52}") = "129A", "129A\129A.pyproj", "{72D89427-0FA1-4058-BD4B-F652A8335C8B}"
EndProject
Project("{888888A0-9F3D-457C-B088-3A5042F75D52}") = "129B", "129B\129B.pyproj", "{72D91A79-DA9C-4E8B-90F7-6FBCEB50B60D}"
EndProject
Project("{888888A0-9F3D-457C-B088-3A5042F75D52}") = "159A", "159A\159A.pyproj", "{0ED127BD-E0F2-4C97-8BF5-3DDF4B54C4A7}"
EndProject
Project("{888888A0-9F3D-457C-B088-3A5042F75D52}") = "159B", "159B\159B.pyproj", "{17D94D7D-2DDD-4E98-ABAB-3CE3DC710A5E}"
EndProject
Project("{888888A0-9F3D-457C-B088-3A5042F75D52}") = "134A", "134A\134A.pyproj", "{6D966EAD-D166-4519-8754-8FF0756272E0}"
EndProject
Project("{888888A0-9F3D-457C-B088-3A5042F75D52}") = "134B", "134B\134B.pyproj", "{0EDCF656-9268-4E35-B4EB-9263A30E2DF5}"
EndProject
Project("{888888A0-9F3D-457C-B088-3A5042F75D52}") = "136A", "136A\136A.pyproj", "{B64B5A5D-6A95-49A5-A107-B61C86EDFFE0}"
EndProject
Project("{888888A0-9F3D-457C-B088-3A5042F75D52}") = "136B", "136B\136B.pyproj", "{7D74B9C8-F5D8-43E9-A8D1-31307A4E95F6}"
EndProject
Project("{888888A0-9F3D-457C-B088-3A5042F75D52}") = "002A", "002A\002A.pyproj", "{3FCF4DE3-C14B-4D78-9869-2315C023650A}"
EndProject
Project("{888888A0-9F3D-457C-B088-3A5042F75D52}") = "002B", "002B\002B.pyproj", "{664E6590-7D3C-41EB-AB86-6322AFE259A3}"
EndProject
Project("{888888A0-9F3D-457C-B088-3A5042F75D52}") = "067A", "067A\067A.pyproj", "{DF296A8C-161A-4DEB-A8D5-5D09AD0F51F0}"
EndProject
Project("{888888A0-9F3D-457C-B088-3A5042F75D52}") = "067B", "067B\067B.pyproj", "{70696A3A-5572-4ABD-A216-94C1B4672311}"
EndProject
Project("{888888A0-9F3D-457C-B088-3A5042F75D52}") = "025B", "025\025B.pyproj", "{3FF46941-ACC9-468C-AFF4-F15E6F616C00}"
EndProject
>>>>>>> d9d9363bf1fc29e5dd26d3b3f4d08527749881f9
Project("{888888A0-9F3D-457C-B088-3A5042F75D52}") = "025A", "025A\025A.pyproj", "{80A7932E-F65F-4D3A-8823-8B9BC01E5DF3}"
EndProject
Project("{888888A0-9F3D-457C-B088-3A5042F75D52}") = "004A", "004A\004A.pyproj", "{C4FD1F9D-CA7F-4118-AF83-3E5D4AD3BCFF}"
EndProject
Project("{888888A0-9F3D-457C-B088-3A5042F75D52}") = "004B", "004B\004B.pyproj", "{3D8C8F4D-3AF2-4D2B-9803-037B1A8591AF}"
EndProject
Project("{888888A0-9F3D-457C-B088-3A5042F75D52}") = "069A", "069A\069A.pyproj", "{CFB0BDC0-EF51-4699-93A4-18BE0C844D35}"
EndProject
Project("{888888A0-9F3D-457C-B088-3A5042F75D52}") = "069B", "069B\069B.pyproj", "{81C83683-84E7-4B25-9D45-CFC69ECC8664}"
EndProject
Project("{888888A0-9F3D-457C-B088-3A5042F75D52}") = "003B", "003B\003B.pyproj", "{2C7CD111-6720-4EBC-B3D0-A45ABDFC73B3}"
EndProject
Project("{888888A0-9F3D-457C-B088-3A5042F75D52}") = "003A", "003A\003A.pyproj", "{73655708-610C-4ECD-A133-11DDBDB66DB8}"
EndProject
Project("{888888A0-9F3D-457C-B088-3A5042F75D52}") = "068A", "068A\068A.pyproj", "{005FC43F-0FE2-4249-A440-99081AB28903}"
EndProject
Project("{888888A0-9F3D-457C-B088-3A5042F75D52}") = "068B", "068B\068B.pyproj", "{FF344035-28EB-44BD-9FB9-93031C029494}"
EndProject
<<<<<<< HEAD
Project("{888888A0-9F3D-457C-B088-3A5042F75D52}") = "134A", "134A\134A.pyproj", "{6D966EAD-D166-4519-8754-8FF0756272E0}"
EndProject
Project("{888888A0-9F3D-457C-B088-3A5042F75D52}") = "134B", "134B\134B.pyproj", "{0EDCF656-9268-4E35-B4EB-9263A30E2DF5}"
EndProject
Project("{888888A0-9F3D-457C-B088-3A5042F75D52}") = "136A", "136A\136A.pyproj", "{B64B5A5D-6A95-49A5-A107-B61C86EDFFE0}"
EndProject
Project("{888888A0-9F3D-457C-B088-3A5042F75D52}") = "136B", "136B\136B.pyproj", "{7D74B9C8-F5D8-43E9-A8D1-31307A4E95F6}"
EndProject
Project("{888888A0-9F3D-457C-B088-3A5042F75D52}") = "138A", "138A\138A.pyproj", "{3A158D5C-FC2A-4309-9088-3ADE42C9BABA}"
EndProject
=======
Project("{888888A0-9F3D-457C-B088-3A5042F75D52}") = "013A", "013A\013A.pyproj", "{DBDC0E02-0BF7-4878-8F95-57D10DF0D132}"
EndProject
Project("{888888A0-9F3D-457C-B088-3A5042F75D52}") = "013B", "013B\013B.pyproj", "{09CBEBAE-D52C-41B3-AE33-14130A212E0F}"
EndProject
Project("{888888A0-9F3D-457C-B088-3A5042F75D52}") = "079A", "079A\079A.pyproj", "{6747CCB5-AB68-43D2-88D1-EFA470FF8B71}"
EndProject
Project("{888888A0-9F3D-457C-B088-3A5042F75D52}") = "079B", "079B\079B.pyproj", "{B37392C4-DCB9-4B1B-97A2-0B093AA1853A}"
EndProject
Project("{888888A0-9F3D-457C-B088-3A5042F75D52}") = "138A", "138A\138A.pyproj", "{3A158D5C-FC2A-4309-9088-3ADE42C9BABA}"
EndProject
Project("{888888A0-9F3D-457C-B088-3A5042F75D52}") = "061A", "061A\061A.pyproj", "{860C371C-92FA-46F9-966D-7BB8457E466C}"
EndProject
Project("{888888A0-9F3D-457C-B088-3A5042F75D52}") = "061B", "061B\061B.pyproj", "{5F0511E5-07B2-4453-A791-288D863D4107}"
EndProject
Project("{888888A0-9F3D-457C-B088-3A5042F75D52}") = "127A", "127A\127A.pyproj", "{3D643A3C-A3BC-4725-BEC8-945A8229CC3E}"
EndProject
Project("{888888A0-9F3D-457C-B088-3A5042F75D52}") = "127B", "127B\127B.pyproj", "{EE603EA4-6484-4C19-82B6-CA20437C0A35}"
EndProject
Project("{888888A0-9F3D-457C-B088-3A5042F75D52}") = "157A", "157A\157A.pyproj", "{27A74FA5-B499-4EAD-B14B-D7814C751F87}"
EndProject
Project("{888888A0-9F3D-457C-B088-3A5042F75D52}") = "157B", "157B\157B.pyproj", "{7BADCB2C-DF56-44A9-8543-D2DD8FA09CF2}"
EndProject
>>>>>>> d9d9363bf1fc29e5dd26d3b3f4d08527749881f9
Project("{888888A0-9F3D-457C-B088-3A5042F75D52}") = "007A", "007A\007A.pyproj", "{C7CF30F1-91BF-4E70-A0C5-5F6BD6376052}"
EndProject
Project("{888888A0-9F3D-457C-B088-3A5042F75D52}") = "007B", "007B\007B.pyproj", "{9575D6F3-F5D6-437C-B895-095FFFB72BCA}"
EndProject
Project("{888888A0-9F3D-457C-B088-3A5042F75D52}") = "073A", "073A\073A.pyproj", "{6F28F35C-289A-4151-9AF2-A13C0C67CD68}"
EndProject
Project("{888888A0-9F3D-457C-B088-3A5042F75D52}") = "073B", "073B\073B.pyproj", "{91F6A1CF-D2D4-4492-926F-C924F0F358BA}"
EndProject
Project("{888888A0-9F3D-457C-B088-3A5042F75D52}") = "Bai012A", "Bai012A\Bai012A.pyproj", "{D1578DB8-4A0F-40EA-9872-653BB444149F}"
EndProject
Project("{888888A0-9F3D-457C-B088-3A5042F75D52}") = "Bai012B", "Bai012B\Bai012B.pyproj", "{1DDC8BEE-5A04-4DA6-9363-4518A249CE7A}"
EndProject
Project("{888888A0-9F3D-457C-B088-3A5042F75D52}") = "Bai078A", "Bai078A\Bai078A.pyproj", "{1710DE2C-904D-458B-AD75-A856E95F547A}"
EndProject
Project("{888888A0-9F3D-457C-B088-3A5042F75D52}") = "Bai078B", "Bai078B\Bai078B.pyproj", "{639CEE38-4306-4CFF-AA69-92BB0209BC55}"
EndProject
<<<<<<< HEAD
Project("{888888A0-9F3D-457C-B088-3A5042F75D52}") = "111A", "111A\111A.pyproj", "{4A7D8B97-D9DD-441F-9ADE-06F2F5AF7CE3}"
EndProject
Project("{888888A0-9F3D-457C-B088-3A5042F75D52}") = "071B", "071B\071B.pyproj", "{17D107DB-2924-493C-995B-C6597C40D25A}"
EndProject
=======
Project("{888888A0-9F3D-457C-B088-3A5042F75D52}") = "145A", "145A\145A.pyproj", "{B3DD05ED-90E7-426E-89EA-B00E2D31E612}"
EndProject
Project("{888888A0-9F3D-457C-B088-3A5042F75D52}") = "019A", "019A\019A.pyproj", "{03941055-8A94-4497-BC71-2FBB1970BDC5}"
EndProject
Project("{888888A0-9F3D-457C-B088-3A5042F75D52}") = "019B", "019B\019B.pyproj", "{3702CA6A-90FF-48CF-8B40-0554705D411D}"
EndProject
Project("{888888A0-9F3D-457C-B088-3A5042F75D52}") = "085A", "085A\085A.pyproj", "{58FE37A4-E108-4E2B-A9D8-C62F302F81FA}"
EndProject
Project("{888888A0-9F3D-457C-B088-3A5042F75D52}") = "Bai097B", "Bai097B\Bai097B.pyproj", "{938FE480-F8EB-47BB-B0FF-D675CAB1687F}"
EndProject
Project("{888888A0-9F3D-457C-B088-3A5042F75D52}") = "009A", "001\009A.pyproj", "{446E5510-E71E-479F-AF80-AFD399DCFAF9}"
EndProject
Project("{888888A0-9F3D-457C-B088-3A5042F75D52}") = "111A", "111A\111A.pyproj", "{4A7D8B97-D9DD-441F-9ADE-06F2F5AF7CE3}"
EndProject
Project("{888888A0-9F3D-457C-B088-3A5042F75D52}") = "145B", "145B\145B.pyproj", "{E59A6B73-D4EA-49EF-9BA2-5BCB61973DB6}"
EndProject
Project("{888888A0-9F3D-457C-B088-3A5042F75D52}") = "148A", "148A\148A.pyproj", "{8DB9D606-66C3-43AC-BC71-F48792527053}"
EndProject
Project("{888888A0-9F3D-457C-B088-3A5042F75D52}") = "148B", "148B\148B.pyproj", "{E68EB397-EC77-4A96-BEF4-0A942FD0D678}"
EndProject
Project("{888888A0-9F3D-457C-B088-3A5042F75D52}") = "150A", "150A\150A.pyproj", "{41D61D68-53FA-472A-9D92-275171E71B3E}"
EndProject
Project("{888888A0-9F3D-457C-B088-3A5042F75D52}") = "150B", "150B\150B.pyproj", "{4EF388C8-282B-41A1-B897-5FDD0820CC80}"
EndProject
Project("{888888A0-9F3D-457C-B088-3A5042F75D52}") = "071A", "071A\071A.pyproj", "{16E98917-9BDD-45AB-B21E-8C82BEB43EE1}"
EndProject
Project("{888888A0-9F3D-457C-B088-3A5042F75D52}") = "009B", "009B\009B.pyproj", "{7E357094-4460-408D-B7E6-6B91CCF56ACA}"
EndProject
Project("{888888A0-9F3D-457C-B088-3A5042F75D52}") = "Bai162B", "Bai162B\Bai162B.pyproj", "{AB3D9277-ECE5-4005-A7C3-29DE17E9983F}"
EndProject
Project("{888888A0-9F3D-457C-B088-3A5042F75D52}") = "Bai162A", "Bai162A\Bai162A.pyproj", "{5984329C-3F26-44E5-A10B-7158EA631288}"
EndProject
Project("{888888A0-9F3D-457C-B088-3A5042F75D52}") = "001A", "001A\001A.pyproj", "{8C0B50BE-5ADD-4BA8-946C-BA9DAC5C0972}"
EndProject
Project("{888888A0-9F3D-457C-B088-3A5042F75D52}") = "001B", "001B\001B.pyproj", "{65BD87D8-4F98-4010-91A6-B8F921EF3453}"
EndProject
Project("{888888A0-9F3D-457C-B088-3A5042F75D52}") = "006A", "006A\006A.pyproj", "{348AE1A5-34AB-464E-B020-CA8C52B79468}"
EndProject
Project("{888888A0-9F3D-457C-B088-3A5042F75D52}") = "006B", "006B\006B.pyproj", "{452EF6BE-DF7D-4B57-9050-6CFD41CD2EA1}"
EndProject
Project("{888888A0-9F3D-457C-B088-3A5042F75D52}") = "071B", "071B\071B.pyproj", "{17D107DB-2924-493C-995B-C6597C40D25A}"
EndProject
Project("{888888A0-9F3D-457C-B088-3A5042F75D52}") = "085B", "085B\085B.pyproj", "{BF49609F-F413-46DC-9151-CDD04590D994}"
EndProject
Project("{888888A0-9F3D-457C-B088-3A5042F75D52}") = "020A", "020A\020A.pyproj", "{B7F670EF-F03A-4488-BB18-137DCD2B0DAE}"
EndProject
Project("{888888A0-9F3D-457C-B088-3A5042F75D52}") = "020B", "020B\020B.pyproj", "{99B78506-EC31-4388-A072-458BA4EF9D9D}"
EndProject
Project("{888888A0-9F3D-457C-B088-3A5042F75D52}") = "086A", "086A\086A.pyproj", "{217F292D-3651-407F-82C3-FDA42C3985FE}"
EndProject
Project("{888888A0-9F3D-457C-B088-3A5042F75D52}") = "086B", "086B\086B.pyproj", "{16A3F7F2-5372-45CC-A3D0-2C9926D632A4}"
EndProject
Project("{888888A0-9F3D-457C-B088-3A5042F75D52}") = "028A", "028A\028A.pyproj", "{826A8F49-C561-49AE-9CD0-54F67AD863FF}"
EndProject
Project("{888888A0-9F3D-457C-B088-3A5042F75D52}") = "028B", "028B\028B.pyproj", "{69ADE19E-C782-4BEF-9DDC-236D5AF9F6DB}"
EndProject
>>>>>>> d9d9363bf1fc29e5dd26d3b3f4d08527749881f9
Project("{888888A0-9F3D-457C-B088-3A5042F75D52}") = "133A", "133A\133A.pyproj", "{114873C3-BB81-4DCB-9EB2-FF93C2FBF955}"
EndProject
Project("{888888A0-9F3D-457C-B088-3A5042F75D52}") = "133B", "133B\133B.pyproj", "{7999881B-DA71-41A3-B9CF-67691C04C1C0}"
EndProject
Project("{888888A0-9F3D-457C-B088-3A5042F75D52}") = "135A", "135A\135A.pyproj", "{9A9905B4-DA3E-4684-9D5C-55B3274DD0ED}"
EndProject
Project("{888888A0-9F3D-457C-B088-3A5042F75D52}") = "135B", "135B\135B.pyproj", "{13E40FCB-E60B-428E-9065-D45C683216FA}"
EndProject
Project("{888888A0-9F3D-457C-B088-3A5042F75D52}") = "137A", "137A\137A.pyproj", "{8D169A46-7F19-4C78-A4DA-878E06298325}"
EndProject
Project("{888888A0-9F3D-457C-B088-3A5042F75D52}") = "137B", "137B\137B.pyproj", "{A4F8512C-1B3E-4D3F-A66D-9B4BFF602453}"
EndProject
Project("{888888A0-9F3D-457C-B088-3A5042F75D52}") = "111B", "111B\111B.pyproj", "{A75ACB62-8828-4134-9E51-705EC9D0765D}"
EndProject
Project("{888888A0-9F3D-457C-B088-3A5042F75D52}") = "141A", "141A\141A.pyproj", "{CD58D569-0C0E-4F18-86CD-B6EE466EA78D}"
EndProject
Project("{888888A0-9F3D-457C-B088-3A5042F75D52}") = "141B", "141B\141B.pyproj", "{F06F91DD-0EE7-4F1B-AFF4-9B400498E3CD}"
EndProject
Project("{888888A0-9F3D-457C-B088-3A5042F75D52}") = "045A", "045A\045A.pyproj", "{DCDD8192-85CB-484F-BE1F-656DB9DEBED1}"
EndProject
Project("{888888A0-9F3D-457C-B088-3A5042F75D52}") = "045B", "045B\045B.pyproj", "{339A9547-7329-4408-A92F-F64EE4B36C2C}"
EndProject
<<<<<<< HEAD
Project("{888888A0-9F3D-457C-B088-3A5042F75D52}") = "034A", "034A\034A.pyproj", "{E64C801A-0339-460A-BD63-66ACA53ED802}"
EndProject
Project("{888888A0-9F3D-457C-B088-3A5042F75D52}") = "034B", "034B\034B.pyproj", "{D8DC1A04-A7A0-4898-A8A9-128B3DACD679}"
EndProject
Project("{888888A0-9F3D-457C-B088-3A5042F75D52}") = "100A", "100A\100A.pyproj", "{2C8044BC-C3E4-46B7-9A6D-F158C1EE38C4}"
EndProject
Project("{888888A0-9F3D-457C-B088-3A5042F75D52}") = "100B", "100B\100B.pyproj", "{AFDD499A-85EC-42D7-831C-7D33E6F43F8E}"
EndProject
Project("{888888A0-9F3D-457C-B088-3A5042F75D52}") = "165A", "165A\165A.pyproj", "{1EF6BCFF-1DB0-4F71-8320-888AF72A36E0}"
EndProject
Project("{888888A0-9F3D-457C-B088-3A5042F75D52}") = "165B", "165B\165B.pyproj", "{168E0D0F-C675-4B9A-800B-8E50BFBB2BC9}"
=======
Project("{888888A0-9F3D-457C-B088-3A5042F75D52}") = "144B", "144B\144B.pyproj", "{D7612C3F-BD9A-432C-8B95-DAAC161864B7}"
>>>>>>> c4c2a36f972409e166ecf479925d749f45234eb8
=======
Project("{888888A0-9F3D-457C-B088-3A5042F75D52}") = "046A", "046A\046A.pyproj", "{7C465863-0B3A-4256-B30F-B1055763E4F2}"
EndProject
Project("{888888A0-9F3D-457C-B088-3A5042F75D52}") = "046B", "046B\046B.pyproj", "{2121A27C-14FD-469E-A642-E94E6BBBFB7E}"
EndProject
Project("{888888A0-9F3D-457C-B088-3A5042F75D52}") = "112A", "112A\112A.pyproj", "{FEDC2FB8-F034-4AA4-BB52-CF834A6D9536}"
EndProject
Project("{888888A0-9F3D-457C-B088-3A5042F75D52}") = "112B", "112B\112B.pyproj", "{A3E0CD70-8F19-4B65-BC08-A9AE7FC62F73}"
EndProject
Project("{888888A0-9F3D-457C-B088-3A5042F75D52}") = "011A", "011A\011A.pyproj", "{5BCFC3A3-9696-4C84-A954-39CB55FD2081}"
EndProject
Project("{888888A0-9F3D-457C-B088-3A5042F75D52}") = "011B", "011B\011B.pyproj", "{14628386-110A-4B98-8C17-5AB183A1F5FE}"
EndProject
Project("{888888A0-9F3D-457C-B088-3A5042F75D52}") = "077A", "077A\077A.pyproj", "{DC3D4A8C-67F5-458C-AA4C-42FC4E7C75DC}"
EndProject
Project("{888888A0-9F3D-457C-B088-3A5042F75D52}") = "077B", "077B\077B.pyproj", "{47172489-2E92-49C9-A9FE-1B80DC483461}"
EndProject
Project("{888888A0-9F3D-457C-B088-3A5042F75D52}") = "142A", "142A\142A.pyproj", "{95002AC2-0AC7-448F-B987-E120EC5C52A0}"
EndProject
Project("{888888A0-9F3D-457C-B088-3A5042F75D52}") = "142B", "142B\142B.pyproj", "{039B853E-8C16-4DE8-93FF-7C7E9DF222AB}"
>>>>>>> d9d9363bf1fc29e5dd26d3b3f4d08527749881f9
EndProject
Global
	GlobalSection(SolutionConfigurationPlatforms) = preSolution
		Debug|Any CPU = Debug|Any CPU
		Release|Any CPU = Release|Any CPU
	EndGlobalSection
	GlobalSection(ProjectConfigurationPlatforms) = postSolution
<<<<<<< HEAD
<<<<<<< HEAD
=======
		{ABE4583D-06EE-4EA9-8D79-443997389CC0}.Debug|Any CPU.ActiveCfg = Debug|Any CPU
		{ABE4583D-06EE-4EA9-8D79-443997389CC0}.Release|Any CPU.ActiveCfg = Release|Any CPU
		{9F2F6EFE-F490-419E-8B4A-22FB9FEF8419}.Debug|Any CPU.ActiveCfg = Debug|Any CPU
		{9F2F6EFE-F490-419E-8B4A-22FB9FEF8419}.Release|Any CPU.ActiveCfg = Release|Any CPU
		{5A85AF65-09BF-4C38-9CE0-BB2AB989BFAA}.Debug|Any CPU.ActiveCfg = Debug|Any CPU
		{5A85AF65-09BF-4C38-9CE0-BB2AB989BFAA}.Release|Any CPU.ActiveCfg = Release|Any CPU
		{F32575CA-AA76-4179-A1EC-256BBFB7CA94}.Debug|Any CPU.ActiveCfg = Debug|Any CPU
		{F32575CA-AA76-4179-A1EC-256BBFB7CA94}.Release|Any CPU.ActiveCfg = Release|Any CPU
		{C614BD20-B8CD-41D0-8418-F1CA5F6B2F39}.Debug|Any CPU.ActiveCfg = Debug|Any CPU
		{C614BD20-B8CD-41D0-8418-F1CA5F6B2F39}.Release|Any CPU.ActiveCfg = Release|Any CPU
		{BE50A4CA-0BC9-46FC-8649-83F4B49B2829}.Debug|Any CPU.ActiveCfg = Debug|Any CPU
		{BE50A4CA-0BC9-46FC-8649-83F4B49B2829}.Release|Any CPU.ActiveCfg = Release|Any CPU
		{9914E682-CE5A-4059-936C-CFE4342CBA44}.Debug|Any CPU.ActiveCfg = Debug|Any CPU
		{9914E682-CE5A-4059-936C-CFE4342CBA44}.Release|Any CPU.ActiveCfg = Release|Any CPU
		{FEC8F850-D857-4F43-AB95-3C9A5CFB3A2E}.Debug|Any CPU.ActiveCfg = Debug|Any CPU
		{FEC8F850-D857-4F43-AB95-3C9A5CFB3A2E}.Release|Any CPU.ActiveCfg = Release|Any CPU
		{5F7E5345-5A2A-4459-B543-07539DF83E36}.Debug|Any CPU.ActiveCfg = Debug|Any CPU
		{5F7E5345-5A2A-4459-B543-07539DF83E36}.Release|Any CPU.ActiveCfg = Release|Any CPU
		{4530BD41-E2E5-4492-B89C-97E2302EEEDF}.Debug|Any CPU.ActiveCfg = Debug|Any CPU
		{4530BD41-E2E5-4492-B89C-97E2302EEEDF}.Release|Any CPU.ActiveCfg = Release|Any CPU
		{997C5E53-0A0F-4666-B62E-D24361C49C86}.Debug|Any CPU.ActiveCfg = Debug|Any CPU
		{997C5E53-0A0F-4666-B62E-D24361C49C86}.Release|Any CPU.ActiveCfg = Release|Any CPU
		{C9ECC791-21AE-4DE3-A36F-B4DDA2FA49D7}.Debug|Any CPU.ActiveCfg = Debug|Any CPU
		{C9ECC791-21AE-4DE3-A36F-B4DDA2FA49D7}.Release|Any CPU.ActiveCfg = Release|Any CPU
		{7D6ED575-A392-420A-AC38-EE63D274F0CC}.Debug|Any CPU.ActiveCfg = Debug|Any CPU
		{7D6ED575-A392-420A-AC38-EE63D274F0CC}.Release|Any CPU.ActiveCfg = Release|Any CPU
		{8B49634B-9018-4B28-BE50-34AB526E08C1}.Debug|Any CPU.ActiveCfg = Debug|Any CPU
		{8B49634B-9018-4B28-BE50-34AB526E08C1}.Release|Any CPU.ActiveCfg = Release|Any CPU
		{9D7E2D85-7D34-4823-B8AF-1F53A7905D70}.Debug|Any CPU.ActiveCfg = Debug|Any CPU
		{9D7E2D85-7D34-4823-B8AF-1F53A7905D70}.Release|Any CPU.ActiveCfg = Release|Any CPU
		{2F58FCEC-EB82-455C-8C12-75AFC431C3C4}.Debug|Any CPU.ActiveCfg = Debug|Any CPU
		{2F58FCEC-EB82-455C-8C12-75AFC431C3C4}.Release|Any CPU.ActiveCfg = Release|Any CPU
		{BD83DE75-0C0F-4614-A93C-14362FF97B8D}.Debug|Any CPU.ActiveCfg = Debug|Any CPU
		{BD83DE75-0C0F-4614-A93C-14362FF97B8D}.Release|Any CPU.ActiveCfg = Release|Any CPU
		{00C3F644-B800-4EC8-A7E7-E0D0D7447D3B}.Debug|Any CPU.ActiveCfg = Debug|Any CPU
		{00C3F644-B800-4EC8-A7E7-E0D0D7447D3B}.Release|Any CPU.ActiveCfg = Release|Any CPU
		{FADC15A1-5C22-4EBD-940B-228D100AAEEF}.Debug|Any CPU.ActiveCfg = Debug|Any CPU
		{FADC15A1-5C22-4EBD-940B-228D100AAEEF}.Release|Any CPU.ActiveCfg = Release|Any CPU
		{9F363F2A-1BF7-4500-89AC-639CFF5A4286}.Debug|Any CPU.ActiveCfg = Debug|Any CPU
		{9F363F2A-1BF7-4500-89AC-639CFF5A4286}.Release|Any CPU.ActiveCfg = Release|Any CPU
		{8E355CCF-A2A7-44CB-B376-F878EA11D476}.Debug|Any CPU.ActiveCfg = Debug|Any CPU
		{8E355CCF-A2A7-44CB-B376-F878EA11D476}.Release|Any CPU.ActiveCfg = Release|Any CPU
		{DE118619-235E-4F34-A7B2-107177A003D4}.Debug|Any CPU.ActiveCfg = Debug|Any CPU
		{DE118619-235E-4F34-A7B2-107177A003D4}.Release|Any CPU.ActiveCfg = Release|Any CPU
		{100CFC5D-94C3-4CEC-B9E8-2688CF0BF1CB}.Debug|Any CPU.ActiveCfg = Debug|Any CPU
		{100CFC5D-94C3-4CEC-B9E8-2688CF0BF1CB}.Release|Any CPU.ActiveCfg = Release|Any CPU
		{71B18B28-0205-491E-8E9A-58693A6D334D}.Debug|Any CPU.ActiveCfg = Debug|Any CPU
		{71B18B28-0205-491E-8E9A-58693A6D334D}.Release|Any CPU.ActiveCfg = Release|Any CPU
		{37AADDAD-F3C6-4BD2-9F52-220FF8A16BB1}.Debug|Any CPU.ActiveCfg = Debug|Any CPU
		{37AADDAD-F3C6-4BD2-9F52-220FF8A16BB1}.Release|Any CPU.ActiveCfg = Release|Any CPU
		{DBC0A2DC-DD77-4D08-B2A2-21DBB4366FD4}.Debug|Any CPU.ActiveCfg = Debug|Any CPU
		{DBC0A2DC-DD77-4D08-B2A2-21DBB4366FD4}.Release|Any CPU.ActiveCfg = Release|Any CPU
		{72D89427-0FA1-4058-BD4B-F652A8335C8B}.Debug|Any CPU.ActiveCfg = Debug|Any CPU
		{72D89427-0FA1-4058-BD4B-F652A8335C8B}.Release|Any CPU.ActiveCfg = Release|Any CPU
		{72D91A79-DA9C-4E8B-90F7-6FBCEB50B60D}.Debug|Any CPU.ActiveCfg = Debug|Any CPU
		{72D91A79-DA9C-4E8B-90F7-6FBCEB50B60D}.Release|Any CPU.ActiveCfg = Release|Any CPU
		{0ED127BD-E0F2-4C97-8BF5-3DDF4B54C4A7}.Debug|Any CPU.ActiveCfg = Debug|Any CPU
		{0ED127BD-E0F2-4C97-8BF5-3DDF4B54C4A7}.Release|Any CPU.ActiveCfg = Release|Any CPU
		{17D94D7D-2DDD-4E98-ABAB-3CE3DC710A5E}.Debug|Any CPU.ActiveCfg = Debug|Any CPU
		{17D94D7D-2DDD-4E98-ABAB-3CE3DC710A5E}.Release|Any CPU.ActiveCfg = Release|Any CPU
		{6D966EAD-D166-4519-8754-8FF0756272E0}.Debug|Any CPU.ActiveCfg = Debug|Any CPU
		{6D966EAD-D166-4519-8754-8FF0756272E0}.Release|Any CPU.ActiveCfg = Release|Any CPU
		{0EDCF656-9268-4E35-B4EB-9263A30E2DF5}.Debug|Any CPU.ActiveCfg = Debug|Any CPU
		{0EDCF656-9268-4E35-B4EB-9263A30E2DF5}.Release|Any CPU.ActiveCfg = Release|Any CPU
		{B64B5A5D-6A95-49A5-A107-B61C86EDFFE0}.Debug|Any CPU.ActiveCfg = Debug|Any CPU
		{B64B5A5D-6A95-49A5-A107-B61C86EDFFE0}.Release|Any CPU.ActiveCfg = Release|Any CPU
		{7D74B9C8-F5D8-43E9-A8D1-31307A4E95F6}.Debug|Any CPU.ActiveCfg = Debug|Any CPU
		{7D74B9C8-F5D8-43E9-A8D1-31307A4E95F6}.Release|Any CPU.ActiveCfg = Release|Any CPU
>>>>>>> d9d9363bf1fc29e5dd26d3b3f4d08527749881f9
		{3FCF4DE3-C14B-4D78-9869-2315C023650A}.Debug|Any CPU.ActiveCfg = Debug|Any CPU
		{3FCF4DE3-C14B-4D78-9869-2315C023650A}.Release|Any CPU.ActiveCfg = Release|Any CPU
		{664E6590-7D3C-41EB-AB86-6322AFE259A3}.Debug|Any CPU.ActiveCfg = Debug|Any CPU
		{664E6590-7D3C-41EB-AB86-6322AFE259A3}.Release|Any CPU.ActiveCfg = Release|Any CPU
		{DF296A8C-161A-4DEB-A8D5-5D09AD0F51F0}.Debug|Any CPU.ActiveCfg = Debug|Any CPU
		{DF296A8C-161A-4DEB-A8D5-5D09AD0F51F0}.Release|Any CPU.ActiveCfg = Release|Any CPU
		{70696A3A-5572-4ABD-A216-94C1B4672311}.Debug|Any CPU.ActiveCfg = Debug|Any CPU
		{70696A3A-5572-4ABD-A216-94C1B4672311}.Release|Any CPU.ActiveCfg = Release|Any CPU
		{3FF46941-ACC9-468C-AFF4-F15E6F616C00}.Debug|Any CPU.ActiveCfg = Debug|Any CPU
		{3FF46941-ACC9-468C-AFF4-F15E6F616C00}.Release|Any CPU.ActiveCfg = Release|Any CPU
		{80A7932E-F65F-4D3A-8823-8B9BC01E5DF3}.Debug|Any CPU.ActiveCfg = Debug|Any CPU
		{80A7932E-F65F-4D3A-8823-8B9BC01E5DF3}.Release|Any CPU.ActiveCfg = Release|Any CPU
		{C4FD1F9D-CA7F-4118-AF83-3E5D4AD3BCFF}.Debug|Any CPU.ActiveCfg = Debug|Any CPU
		{C4FD1F9D-CA7F-4118-AF83-3E5D4AD3BCFF}.Release|Any CPU.ActiveCfg = Release|Any CPU
		{3D8C8F4D-3AF2-4D2B-9803-037B1A8591AF}.Debug|Any CPU.ActiveCfg = Debug|Any CPU
		{3D8C8F4D-3AF2-4D2B-9803-037B1A8591AF}.Release|Any CPU.ActiveCfg = Release|Any CPU
		{CFB0BDC0-EF51-4699-93A4-18BE0C844D35}.Debug|Any CPU.ActiveCfg = Debug|Any CPU
		{CFB0BDC0-EF51-4699-93A4-18BE0C844D35}.Release|Any CPU.ActiveCfg = Release|Any CPU
		{81C83683-84E7-4B25-9D45-CFC69ECC8664}.Debug|Any CPU.ActiveCfg = Debug|Any CPU
		{81C83683-84E7-4B25-9D45-CFC69ECC8664}.Release|Any CPU.ActiveCfg = Release|Any CPU
		{2C7CD111-6720-4EBC-B3D0-A45ABDFC73B3}.Debug|Any CPU.ActiveCfg = Debug|Any CPU
		{2C7CD111-6720-4EBC-B3D0-A45ABDFC73B3}.Release|Any CPU.ActiveCfg = Release|Any CPU
		{73655708-610C-4ECD-A133-11DDBDB66DB8}.Debug|Any CPU.ActiveCfg = Debug|Any CPU
		{73655708-610C-4ECD-A133-11DDBDB66DB8}.Release|Any CPU.ActiveCfg = Release|Any CPU
		{005FC43F-0FE2-4249-A440-99081AB28903}.Debug|Any CPU.ActiveCfg = Debug|Any CPU
		{005FC43F-0FE2-4249-A440-99081AB28903}.Release|Any CPU.ActiveCfg = Release|Any CPU
		{FF344035-28EB-44BD-9FB9-93031C029494}.Debug|Any CPU.ActiveCfg = Debug|Any CPU
		{FF344035-28EB-44BD-9FB9-93031C029494}.Release|Any CPU.ActiveCfg = Release|Any CPU
<<<<<<< HEAD
		{6D966EAD-D166-4519-8754-8FF0756272E0}.Debug|Any CPU.ActiveCfg = Debug|Any CPU
		{6D966EAD-D166-4519-8754-8FF0756272E0}.Release|Any CPU.ActiveCfg = Release|Any CPU
		{0EDCF656-9268-4E35-B4EB-9263A30E2DF5}.Debug|Any CPU.ActiveCfg = Debug|Any CPU
		{0EDCF656-9268-4E35-B4EB-9263A30E2DF5}.Release|Any CPU.ActiveCfg = Release|Any CPU
		{B64B5A5D-6A95-49A5-A107-B61C86EDFFE0}.Debug|Any CPU.ActiveCfg = Debug|Any CPU
		{B64B5A5D-6A95-49A5-A107-B61C86EDFFE0}.Release|Any CPU.ActiveCfg = Release|Any CPU
		{7D74B9C8-F5D8-43E9-A8D1-31307A4E95F6}.Debug|Any CPU.ActiveCfg = Debug|Any CPU
		{7D74B9C8-F5D8-43E9-A8D1-31307A4E95F6}.Release|Any CPU.ActiveCfg = Release|Any CPU
		{3A158D5C-FC2A-4309-9088-3ADE42C9BABA}.Debug|Any CPU.ActiveCfg = Debug|Any CPU
		{3A158D5C-FC2A-4309-9088-3ADE42C9BABA}.Release|Any CPU.ActiveCfg = Release|Any CPU
=======
		{DBDC0E02-0BF7-4878-8F95-57D10DF0D132}.Debug|Any CPU.ActiveCfg = Debug|Any CPU
		{DBDC0E02-0BF7-4878-8F95-57D10DF0D132}.Release|Any CPU.ActiveCfg = Release|Any CPU
		{09CBEBAE-D52C-41B3-AE33-14130A212E0F}.Debug|Any CPU.ActiveCfg = Debug|Any CPU
		{09CBEBAE-D52C-41B3-AE33-14130A212E0F}.Release|Any CPU.ActiveCfg = Release|Any CPU
		{6747CCB5-AB68-43D2-88D1-EFA470FF8B71}.Debug|Any CPU.ActiveCfg = Debug|Any CPU
		{6747CCB5-AB68-43D2-88D1-EFA470FF8B71}.Release|Any CPU.ActiveCfg = Release|Any CPU
		{B37392C4-DCB9-4B1B-97A2-0B093AA1853A}.Debug|Any CPU.ActiveCfg = Debug|Any CPU
		{B37392C4-DCB9-4B1B-97A2-0B093AA1853A}.Release|Any CPU.ActiveCfg = Release|Any CPU
		{3A158D5C-FC2A-4309-9088-3ADE42C9BABA}.Debug|Any CPU.ActiveCfg = Debug|Any CPU
		{3A158D5C-FC2A-4309-9088-3ADE42C9BABA}.Release|Any CPU.ActiveCfg = Release|Any CPU
		{860C371C-92FA-46F9-966D-7BB8457E466C}.Debug|Any CPU.ActiveCfg = Debug|Any CPU
		{860C371C-92FA-46F9-966D-7BB8457E466C}.Release|Any CPU.ActiveCfg = Release|Any CPU
		{5F0511E5-07B2-4453-A791-288D863D4107}.Debug|Any CPU.ActiveCfg = Debug|Any CPU
		{5F0511E5-07B2-4453-A791-288D863D4107}.Release|Any CPU.ActiveCfg = Release|Any CPU
		{3D643A3C-A3BC-4725-BEC8-945A8229CC3E}.Debug|Any CPU.ActiveCfg = Debug|Any CPU
		{3D643A3C-A3BC-4725-BEC8-945A8229CC3E}.Release|Any CPU.ActiveCfg = Release|Any CPU
		{EE603EA4-6484-4C19-82B6-CA20437C0A35}.Debug|Any CPU.ActiveCfg = Debug|Any CPU
		{EE603EA4-6484-4C19-82B6-CA20437C0A35}.Release|Any CPU.ActiveCfg = Release|Any CPU
		{27A74FA5-B499-4EAD-B14B-D7814C751F87}.Debug|Any CPU.ActiveCfg = Debug|Any CPU
		{27A74FA5-B499-4EAD-B14B-D7814C751F87}.Release|Any CPU.ActiveCfg = Release|Any CPU
		{7BADCB2C-DF56-44A9-8543-D2DD8FA09CF2}.Debug|Any CPU.ActiveCfg = Debug|Any CPU
		{7BADCB2C-DF56-44A9-8543-D2DD8FA09CF2}.Release|Any CPU.ActiveCfg = Release|Any CPU
>>>>>>> d9d9363bf1fc29e5dd26d3b3f4d08527749881f9
		{C7CF30F1-91BF-4E70-A0C5-5F6BD6376052}.Debug|Any CPU.ActiveCfg = Debug|Any CPU
		{C7CF30F1-91BF-4E70-A0C5-5F6BD6376052}.Release|Any CPU.ActiveCfg = Release|Any CPU
		{9575D6F3-F5D6-437C-B895-095FFFB72BCA}.Debug|Any CPU.ActiveCfg = Debug|Any CPU
		{9575D6F3-F5D6-437C-B895-095FFFB72BCA}.Release|Any CPU.ActiveCfg = Release|Any CPU
		{6F28F35C-289A-4151-9AF2-A13C0C67CD68}.Debug|Any CPU.ActiveCfg = Debug|Any CPU
		{6F28F35C-289A-4151-9AF2-A13C0C67CD68}.Release|Any CPU.ActiveCfg = Release|Any CPU
		{91F6A1CF-D2D4-4492-926F-C924F0F358BA}.Debug|Any CPU.ActiveCfg = Debug|Any CPU
		{91F6A1CF-D2D4-4492-926F-C924F0F358BA}.Release|Any CPU.ActiveCfg = Release|Any CPU
		{D1578DB8-4A0F-40EA-9872-653BB444149F}.Debug|Any CPU.ActiveCfg = Debug|Any CPU
		{D1578DB8-4A0F-40EA-9872-653BB444149F}.Release|Any CPU.ActiveCfg = Release|Any CPU
		{1DDC8BEE-5A04-4DA6-9363-4518A249CE7A}.Debug|Any CPU.ActiveCfg = Debug|Any CPU
		{1DDC8BEE-5A04-4DA6-9363-4518A249CE7A}.Release|Any CPU.ActiveCfg = Release|Any CPU
		{1710DE2C-904D-458B-AD75-A856E95F547A}.Debug|Any CPU.ActiveCfg = Debug|Any CPU
		{1710DE2C-904D-458B-AD75-A856E95F547A}.Release|Any CPU.ActiveCfg = Release|Any CPU
		{639CEE38-4306-4CFF-AA69-92BB0209BC55}.Debug|Any CPU.ActiveCfg = Debug|Any CPU
		{639CEE38-4306-4CFF-AA69-92BB0209BC55}.Release|Any CPU.ActiveCfg = Release|Any CPU
<<<<<<< HEAD
		{4A7D8B97-D9DD-441F-9ADE-06F2F5AF7CE3}.Debug|Any CPU.ActiveCfg = Debug|Any CPU
		{4A7D8B97-D9DD-441F-9ADE-06F2F5AF7CE3}.Release|Any CPU.ActiveCfg = Release|Any CPU
		{17D107DB-2924-493C-995B-C6597C40D25A}.Debug|Any CPU.ActiveCfg = Debug|Any CPU
		{17D107DB-2924-493C-995B-C6597C40D25A}.Release|Any CPU.ActiveCfg = Release|Any CPU
=======
		{B3DD05ED-90E7-426E-89EA-B00E2D31E612}.Debug|Any CPU.ActiveCfg = Debug|Any CPU
		{B3DD05ED-90E7-426E-89EA-B00E2D31E612}.Release|Any CPU.ActiveCfg = Release|Any CPU
		{03941055-8A94-4497-BC71-2FBB1970BDC5}.Debug|Any CPU.ActiveCfg = Debug|Any CPU
		{03941055-8A94-4497-BC71-2FBB1970BDC5}.Release|Any CPU.ActiveCfg = Release|Any CPU
		{3702CA6A-90FF-48CF-8B40-0554705D411D}.Debug|Any CPU.ActiveCfg = Debug|Any CPU
		{3702CA6A-90FF-48CF-8B40-0554705D411D}.Release|Any CPU.ActiveCfg = Release|Any CPU
		{58FE37A4-E108-4E2B-A9D8-C62F302F81FA}.Debug|Any CPU.ActiveCfg = Debug|Any CPU
		{58FE37A4-E108-4E2B-A9D8-C62F302F81FA}.Release|Any CPU.ActiveCfg = Release|Any CPU
		{938FE480-F8EB-47BB-B0FF-D675CAB1687F}.Debug|Any CPU.ActiveCfg = Debug|Any CPU
		{938FE480-F8EB-47BB-B0FF-D675CAB1687F}.Release|Any CPU.ActiveCfg = Release|Any CPU
		{446E5510-E71E-479F-AF80-AFD399DCFAF9}.Debug|Any CPU.ActiveCfg = Debug|Any CPU
		{446E5510-E71E-479F-AF80-AFD399DCFAF9}.Release|Any CPU.ActiveCfg = Release|Any CPU
		{4A7D8B97-D9DD-441F-9ADE-06F2F5AF7CE3}.Debug|Any CPU.ActiveCfg = Debug|Any CPU
		{4A7D8B97-D9DD-441F-9ADE-06F2F5AF7CE3}.Release|Any CPU.ActiveCfg = Release|Any CPU
		{E59A6B73-D4EA-49EF-9BA2-5BCB61973DB6}.Debug|Any CPU.ActiveCfg = Debug|Any CPU
		{E59A6B73-D4EA-49EF-9BA2-5BCB61973DB6}.Release|Any CPU.ActiveCfg = Release|Any CPU
		{8DB9D606-66C3-43AC-BC71-F48792527053}.Debug|Any CPU.ActiveCfg = Debug|Any CPU
		{8DB9D606-66C3-43AC-BC71-F48792527053}.Release|Any CPU.ActiveCfg = Release|Any CPU
		{E68EB397-EC77-4A96-BEF4-0A942FD0D678}.Debug|Any CPU.ActiveCfg = Debug|Any CPU
		{E68EB397-EC77-4A96-BEF4-0A942FD0D678}.Release|Any CPU.ActiveCfg = Release|Any CPU
		{41D61D68-53FA-472A-9D92-275171E71B3E}.Debug|Any CPU.ActiveCfg = Debug|Any CPU
		{41D61D68-53FA-472A-9D92-275171E71B3E}.Release|Any CPU.ActiveCfg = Release|Any CPU
		{4EF388C8-282B-41A1-B897-5FDD0820CC80}.Debug|Any CPU.ActiveCfg = Debug|Any CPU
		{4EF388C8-282B-41A1-B897-5FDD0820CC80}.Release|Any CPU.ActiveCfg = Release|Any CPU
		{16E98917-9BDD-45AB-B21E-8C82BEB43EE1}.Debug|Any CPU.ActiveCfg = Debug|Any CPU
		{16E98917-9BDD-45AB-B21E-8C82BEB43EE1}.Release|Any CPU.ActiveCfg = Release|Any CPU
		{7E357094-4460-408D-B7E6-6B91CCF56ACA}.Debug|Any CPU.ActiveCfg = Debug|Any CPU
		{7E357094-4460-408D-B7E6-6B91CCF56ACA}.Release|Any CPU.ActiveCfg = Release|Any CPU
		{AB3D9277-ECE5-4005-A7C3-29DE17E9983F}.Debug|Any CPU.ActiveCfg = Debug|Any CPU
		{AB3D9277-ECE5-4005-A7C3-29DE17E9983F}.Release|Any CPU.ActiveCfg = Release|Any CPU
		{5984329C-3F26-44E5-A10B-7158EA631288}.Debug|Any CPU.ActiveCfg = Debug|Any CPU
		{5984329C-3F26-44E5-A10B-7158EA631288}.Release|Any CPU.ActiveCfg = Release|Any CPU
		{8C0B50BE-5ADD-4BA8-946C-BA9DAC5C0972}.Debug|Any CPU.ActiveCfg = Debug|Any CPU
		{8C0B50BE-5ADD-4BA8-946C-BA9DAC5C0972}.Release|Any CPU.ActiveCfg = Release|Any CPU
		{65BD87D8-4F98-4010-91A6-B8F921EF3453}.Debug|Any CPU.ActiveCfg = Debug|Any CPU
		{65BD87D8-4F98-4010-91A6-B8F921EF3453}.Release|Any CPU.ActiveCfg = Release|Any CPU
		{348AE1A5-34AB-464E-B020-CA8C52B79468}.Debug|Any CPU.ActiveCfg = Debug|Any CPU
		{348AE1A5-34AB-464E-B020-CA8C52B79468}.Release|Any CPU.ActiveCfg = Release|Any CPU
		{452EF6BE-DF7D-4B57-9050-6CFD41CD2EA1}.Debug|Any CPU.ActiveCfg = Debug|Any CPU
		{452EF6BE-DF7D-4B57-9050-6CFD41CD2EA1}.Release|Any CPU.ActiveCfg = Release|Any CPU
		{17D107DB-2924-493C-995B-C6597C40D25A}.Debug|Any CPU.ActiveCfg = Debug|Any CPU
		{17D107DB-2924-493C-995B-C6597C40D25A}.Release|Any CPU.ActiveCfg = Release|Any CPU
		{BF49609F-F413-46DC-9151-CDD04590D994}.Debug|Any CPU.ActiveCfg = Debug|Any CPU
		{BF49609F-F413-46DC-9151-CDD04590D994}.Release|Any CPU.ActiveCfg = Release|Any CPU
		{B7F670EF-F03A-4488-BB18-137DCD2B0DAE}.Debug|Any CPU.ActiveCfg = Debug|Any CPU
		{B7F670EF-F03A-4488-BB18-137DCD2B0DAE}.Release|Any CPU.ActiveCfg = Release|Any CPU
		{99B78506-EC31-4388-A072-458BA4EF9D9D}.Debug|Any CPU.ActiveCfg = Debug|Any CPU
		{99B78506-EC31-4388-A072-458BA4EF9D9D}.Release|Any CPU.ActiveCfg = Release|Any CPU
		{217F292D-3651-407F-82C3-FDA42C3985FE}.Debug|Any CPU.ActiveCfg = Debug|Any CPU
		{217F292D-3651-407F-82C3-FDA42C3985FE}.Release|Any CPU.ActiveCfg = Release|Any CPU
		{16A3F7F2-5372-45CC-A3D0-2C9926D632A4}.Debug|Any CPU.ActiveCfg = Debug|Any CPU
		{16A3F7F2-5372-45CC-A3D0-2C9926D632A4}.Release|Any CPU.ActiveCfg = Release|Any CPU
		{826A8F49-C561-49AE-9CD0-54F67AD863FF}.Debug|Any CPU.ActiveCfg = Debug|Any CPU
		{826A8F49-C561-49AE-9CD0-54F67AD863FF}.Release|Any CPU.ActiveCfg = Release|Any CPU
		{69ADE19E-C782-4BEF-9DDC-236D5AF9F6DB}.Debug|Any CPU.ActiveCfg = Debug|Any CPU
		{69ADE19E-C782-4BEF-9DDC-236D5AF9F6DB}.Release|Any CPU.ActiveCfg = Release|Any CPU
>>>>>>> d9d9363bf1fc29e5dd26d3b3f4d08527749881f9
		{114873C3-BB81-4DCB-9EB2-FF93C2FBF955}.Debug|Any CPU.ActiveCfg = Debug|Any CPU
		{114873C3-BB81-4DCB-9EB2-FF93C2FBF955}.Release|Any CPU.ActiveCfg = Release|Any CPU
		{7999881B-DA71-41A3-B9CF-67691C04C1C0}.Debug|Any CPU.ActiveCfg = Debug|Any CPU
		{7999881B-DA71-41A3-B9CF-67691C04C1C0}.Release|Any CPU.ActiveCfg = Release|Any CPU
		{9A9905B4-DA3E-4684-9D5C-55B3274DD0ED}.Debug|Any CPU.ActiveCfg = Debug|Any CPU
		{9A9905B4-DA3E-4684-9D5C-55B3274DD0ED}.Release|Any CPU.ActiveCfg = Release|Any CPU
		{13E40FCB-E60B-428E-9065-D45C683216FA}.Debug|Any CPU.ActiveCfg = Debug|Any CPU
		{13E40FCB-E60B-428E-9065-D45C683216FA}.Release|Any CPU.ActiveCfg = Release|Any CPU
		{8D169A46-7F19-4C78-A4DA-878E06298325}.Debug|Any CPU.ActiveCfg = Debug|Any CPU
		{8D169A46-7F19-4C78-A4DA-878E06298325}.Release|Any CPU.ActiveCfg = Release|Any CPU
		{A4F8512C-1B3E-4D3F-A66D-9B4BFF602453}.Debug|Any CPU.ActiveCfg = Debug|Any CPU
		{A4F8512C-1B3E-4D3F-A66D-9B4BFF602453}.Release|Any CPU.ActiveCfg = Release|Any CPU
		{A75ACB62-8828-4134-9E51-705EC9D0765D}.Debug|Any CPU.ActiveCfg = Debug|Any CPU
		{A75ACB62-8828-4134-9E51-705EC9D0765D}.Release|Any CPU.ActiveCfg = Release|Any CPU
		{CD58D569-0C0E-4F18-86CD-B6EE466EA78D}.Debug|Any CPU.ActiveCfg = Debug|Any CPU
		{CD58D569-0C0E-4F18-86CD-B6EE466EA78D}.Release|Any CPU.ActiveCfg = Release|Any CPU
		{F06F91DD-0EE7-4F1B-AFF4-9B400498E3CD}.Debug|Any CPU.ActiveCfg = Debug|Any CPU
		{F06F91DD-0EE7-4F1B-AFF4-9B400498E3CD}.Release|Any CPU.ActiveCfg = Release|Any CPU
		{DCDD8192-85CB-484F-BE1F-656DB9DEBED1}.Debug|Any CPU.ActiveCfg = Debug|Any CPU
		{DCDD8192-85CB-484F-BE1F-656DB9DEBED1}.Release|Any CPU.ActiveCfg = Release|Any CPU
		{339A9547-7329-4408-A92F-F64EE4B36C2C}.Debug|Any CPU.ActiveCfg = Debug|Any CPU
		{339A9547-7329-4408-A92F-F64EE4B36C2C}.Release|Any CPU.ActiveCfg = Release|Any CPU
<<<<<<< HEAD
		{E64C801A-0339-460A-BD63-66ACA53ED802}.Debug|Any CPU.ActiveCfg = Debug|Any CPU
		{E64C801A-0339-460A-BD63-66ACA53ED802}.Release|Any CPU.ActiveCfg = Release|Any CPU
		{D8DC1A04-A7A0-4898-A8A9-128B3DACD679}.Debug|Any CPU.ActiveCfg = Debug|Any CPU
		{D8DC1A04-A7A0-4898-A8A9-128B3DACD679}.Release|Any CPU.ActiveCfg = Release|Any CPU
		{2C8044BC-C3E4-46B7-9A6D-F158C1EE38C4}.Debug|Any CPU.ActiveCfg = Debug|Any CPU
		{2C8044BC-C3E4-46B7-9A6D-F158C1EE38C4}.Release|Any CPU.ActiveCfg = Release|Any CPU
		{AFDD499A-85EC-42D7-831C-7D33E6F43F8E}.Debug|Any CPU.ActiveCfg = Debug|Any CPU
		{AFDD499A-85EC-42D7-831C-7D33E6F43F8E}.Release|Any CPU.ActiveCfg = Release|Any CPU
		{1EF6BCFF-1DB0-4F71-8320-888AF72A36E0}.Debug|Any CPU.ActiveCfg = Debug|Any CPU
		{1EF6BCFF-1DB0-4F71-8320-888AF72A36E0}.Release|Any CPU.ActiveCfg = Release|Any CPU
		{168E0D0F-C675-4B9A-800B-8E50BFBB2BC9}.Debug|Any CPU.ActiveCfg = Debug|Any CPU
		{168E0D0F-C675-4B9A-800B-8E50BFBB2BC9}.Release|Any CPU.ActiveCfg = Release|Any CPU
=======
		{095C5F73-6CF7-4CA0-A3DA-AFAB4B3505F5}.Debug|Any CPU.ActiveCfg = Debug|Any CPU
		{095C5F73-6CF7-4CA0-A3DA-AFAB4B3505F5}.Release|Any CPU.ActiveCfg = Release|Any CPU
		{C23797A2-5562-4A25-8587-E18876970B7F}.Debug|Any CPU.ActiveCfg = Debug|Any CPU
		{C23797A2-5562-4A25-8587-E18876970B7F}.Release|Any CPU.ActiveCfg = Release|Any CPU
		{1948E8FC-1AD7-411F-AAAB-1FFE8761D8C2}.Debug|Any CPU.ActiveCfg = Debug|Any CPU
		{1948E8FC-1AD7-411F-AAAB-1FFE8761D8C2}.Release|Any CPU.ActiveCfg = Release|Any CPU
		{6CB6DA69-A2B8-4EAB-9E81-E80B83C4BAAC}.Debug|Any CPU.ActiveCfg = Debug|Any CPU
		{6CB6DA69-A2B8-4EAB-9E81-E80B83C4BAAC}.Release|Any CPU.ActiveCfg = Release|Any CPU
		{80FC6159-C93F-4F4B-A64C-92ED96B41DD2}.Debug|Any CPU.ActiveCfg = Debug|Any CPU
		{80FC6159-C93F-4F4B-A64C-92ED96B41DD2}.Release|Any CPU.ActiveCfg = Release|Any CPU
		{D7612C3F-BD9A-432C-8B95-DAAC161864B7}.Debug|Any CPU.ActiveCfg = Debug|Any CPU
		{D7612C3F-BD9A-432C-8B95-DAAC161864B7}.Release|Any CPU.ActiveCfg = Release|Any CPU
>>>>>>> c4c2a36f972409e166ecf479925d749f45234eb8
=======
		{7C465863-0B3A-4256-B30F-B1055763E4F2}.Debug|Any CPU.ActiveCfg = Debug|Any CPU
		{7C465863-0B3A-4256-B30F-B1055763E4F2}.Release|Any CPU.ActiveCfg = Release|Any CPU
		{2121A27C-14FD-469E-A642-E94E6BBBFB7E}.Debug|Any CPU.ActiveCfg = Debug|Any CPU
		{2121A27C-14FD-469E-A642-E94E6BBBFB7E}.Release|Any CPU.ActiveCfg = Release|Any CPU
		{FEDC2FB8-F034-4AA4-BB52-CF834A6D9536}.Debug|Any CPU.ActiveCfg = Debug|Any CPU
		{FEDC2FB8-F034-4AA4-BB52-CF834A6D9536}.Release|Any CPU.ActiveCfg = Release|Any CPU
		{A3E0CD70-8F19-4B65-BC08-A9AE7FC62F73}.Debug|Any CPU.ActiveCfg = Debug|Any CPU
		{A3E0CD70-8F19-4B65-BC08-A9AE7FC62F73}.Release|Any CPU.ActiveCfg = Release|Any CPU
		{5BCFC3A3-9696-4C84-A954-39CB55FD2081}.Debug|Any CPU.ActiveCfg = Debug|Any CPU
		{5BCFC3A3-9696-4C84-A954-39CB55FD2081}.Release|Any CPU.ActiveCfg = Release|Any CPU
		{14628386-110A-4B98-8C17-5AB183A1F5FE}.Debug|Any CPU.ActiveCfg = Debug|Any CPU
		{14628386-110A-4B98-8C17-5AB183A1F5FE}.Release|Any CPU.ActiveCfg = Release|Any CPU
		{DC3D4A8C-67F5-458C-AA4C-42FC4E7C75DC}.Debug|Any CPU.ActiveCfg = Debug|Any CPU
		{DC3D4A8C-67F5-458C-AA4C-42FC4E7C75DC}.Release|Any CPU.ActiveCfg = Release|Any CPU
		{47172489-2E92-49C9-A9FE-1B80DC483461}.Debug|Any CPU.ActiveCfg = Debug|Any CPU
		{47172489-2E92-49C9-A9FE-1B80DC483461}.Release|Any CPU.ActiveCfg = Release|Any CPU
		{95002AC2-0AC7-448F-B987-E120EC5C52A0}.Debug|Any CPU.ActiveCfg = Debug|Any CPU
		{95002AC2-0AC7-448F-B987-E120EC5C52A0}.Release|Any CPU.ActiveCfg = Release|Any CPU
		{039B853E-8C16-4DE8-93FF-7C7E9DF222AB}.Debug|Any CPU.ActiveCfg = Debug|Any CPU
		{039B853E-8C16-4DE8-93FF-7C7E9DF222AB}.Release|Any CPU.ActiveCfg = Release|Any CPU
>>>>>>> d9d9363bf1fc29e5dd26d3b3f4d08527749881f9
	EndGlobalSection
	GlobalSection(SolutionProperties) = preSolution
		HideSolutionNode = FALSE
	EndGlobalSection
	GlobalSection(ExtensibilityGlobals) = postSolution
		SolutionGuid = {357110DA-C551-4B50-84C7-32918855B519}
	EndGlobalSection
EndGlobal
